
Microsoft Visual Studio Solution File, Format Version 12.00
# Visual Studio Version 17
VisualStudioVersion = 17.14.36414.22 d17.14
MinimumVisualStudioVersion = 10.0.40219.1
Project("{FAE04EC0-301F-11D3-BF4B-00C04F79EFBC}") = "QLNS", "QLNS\QLNS.csproj", "{0CDDC07D-F74A-4284-8029-1D11E5D8F4BA}"
EndProject
Global
	GlobalSection(SolutionConfigurationPlatforms) = preSolution
		Debug|Any CPU = Debug|Any CPU
		Release|Any CPU = Release|Any CPU
	EndGlobalSection
	GlobalSection(ProjectConfigurationPlatforms) = postSolution
		{0CDDC07D-F74A-4284-8029-1D11E5D8F4BA}.Debug|Any CPU.ActiveCfg = Debug|Any CPU
		{0CDDC07D-F74A-4284-8029-1D11E5D8F4BA}.Debug|Any CPU.Build.0 = Debug|Any CPU
		{0CDDC07D-F74A-4284-8029-1D11E5D8F4BA}.Release|Any CPU.ActiveCfg = Release|Any CPU
		{0CDDC07D-F74A-4284-8029-1D11E5D8F4BA}.Release|Any CPU.Build.0 = Release|Any CPU
	EndGlobalSection
	GlobalSection(SolutionProperties) = preSolution
		HideSolutionNode = FALSE
	EndGlobalSection
	GlobalSection(ExtensibilityGlobals) = postSolution
		SolutionGuid = {D2728BC0-B9CC-42C9-B4F6-24654A4F3AA9}
	EndGlobalSection
EndGlobal
